
Microsoft Visual Studio Solution File, Format Version 12.00
# Visual Studio Version 17
VisualStudioVersion = 17.14.36327.8 d17.14
MinimumVisualStudioVersion = 10.0.40219.1
Project("{FAE04EC0-301F-11D3-BF4B-00C04F79EFBC}") = "dotnet-aes-ige", "dotnet-aes-ige.csproj", "{74CDEB03-18EC-4AA6-B277-5C841427FC12}"
EndProject
Global
	GlobalSection(SolutionConfigurationPlatforms) = preSolution
		Debug|Any CPU = Debug|Any CPU
		Release|Any CPU = Release|Any CPU
	EndGlobalSection
	GlobalSection(ProjectConfigurationPlatforms) = postSolution
		{74CDEB03-18EC-4AA6-B277-5C841427FC12}.Debug|Any CPU.ActiveCfg = Debug|Any CPU
		{74CDEB03-18EC-4AA6-B277-5C841427FC12}.Debug|Any CPU.Build.0 = Debug|Any CPU
		{74CDEB03-18EC-4AA6-B277-5C841427FC12}.Release|Any CPU.ActiveCfg = Release|Any CPU
		{74CDEB03-18EC-4AA6-B277-5C841427FC12}.Release|Any CPU.Build.0 = Release|Any CPU
	EndGlobalSection
	GlobalSection(SolutionProperties) = preSolution
		HideSolutionNode = FALSE
	EndGlobalSection
	GlobalSection(ExtensibilityGlobals) = postSolution
		SolutionGuid = {DEE49D95-4935-418B-970E-8E61E7CD2557}
	EndGlobalSection
EndGlobal
